
Microsoft Visual Studio Solution File, Format Version 12.00
# Visual Studio Version 16
VisualStudioVersion = 16.0.31112.23
MinimumVisualStudioVersion = 10.0.40219.1
Project("{8BC9CEB8-8B4A-11D0-8D11-00A0C91BC942}") = "homework9", "homework9\homework9.vcxproj", "{A422F91E-F50B-4AA8-A327-2E89AF6438BE}"
EndProject
Global
	GlobalSection(SolutionConfigurationPlatforms) = preSolution
		Debug|x64 = Debug|x64
		Debug|x86 = Debug|x86
		Release|x64 = Release|x64
		Release|x86 = Release|x86
	EndGlobalSection
	GlobalSection(ProjectConfigurationPlatforms) = postSolution
		{A422F91E-F50B-4AA8-A327-2E89AF6438BE}.Debug|x64.ActiveCfg = Debug|x64
		{A422F91E-F50B-4AA8-A327-2E89AF6438BE}.Debug|x64.Build.0 = Debug|x64
		{A422F91E-F50B-4AA8-A327-2E89AF6438BE}.Debug|x86.ActiveCfg = Debug|Win32
		{A422F91E-F50B-4AA8-A327-2E89AF6438BE}.Debug|x86.Build.0 = Debug|Win32
		{A422F91E-F50B-4AA8-A327-2E89AF6438BE}.Release|x64.ActiveCfg = Release|x64
		{A422F91E-F50B-4AA8-A327-2E89AF6438BE}.Release|x64.Build.0 = Release|x64
		{A422F91E-F50B-4AA8-A327-2E89AF6438BE}.Release|x86.ActiveCfg = Release|Win32
		{A422F91E-F50B-4AA8-A327-2E89AF6438BE}.Release|x86.Build.0 = Release|Win32
	EndGlobalSection
	GlobalSection(SolutionProperties) = preSolution
		HideSolutionNode = FALSE
	EndGlobalSection
	GlobalSection(ExtensibilityGlobals) = postSolution
		SolutionGuid = {E20FDDE4-90B6-498F-9EFB-C4534976AA6C}
	EndGlobalSection
EndGlobal
